// !$*UTF8*$!
{
	archiveVersion = 1;
	classes = {
	};
	objectVersion = 56;
	objects = {

/* Begin PBXBuildFile section */
		0D0B65FF2A34E49F0078BC28 /* Dynamic.swift in Sources */ = {isa = PBXBuildFile; fileRef = 0D0B65FE2A34E49F0078BC28 /* Dynamic.swift */; };
		0DC60AA52A338ADB00995CC9 /* AppDelegate.swift in Sources */ = {isa = PBXBuildFile; fileRef = 0DC60AA42A338ADB00995CC9 /* AppDelegate.swift */; };
		0DC60AA72A338ADB00995CC9 /* SceneDelegate.swift in Sources */ = {isa = PBXBuildFile; fileRef = 0DC60AA62A338ADB00995CC9 /* SceneDelegate.swift */; };
		0DC60AA92A338ADB00995CC9 /* ViewController.swift in Sources */ = {isa = PBXBuildFile; fileRef = 0DC60AA82A338ADB00995CC9 /* ViewController.swift */; };
		0DC60AAC2A338ADB00995CC9 /* Main.storyboard in Resources */ = {isa = PBXBuildFile; fileRef = 0DC60AAA2A338ADB00995CC9 /* Main.storyboard */; };
		0DC60AAE2A338ADE00995CC9 /* Assets.xcassets in Resources */ = {isa = PBXBuildFile; fileRef = 0DC60AAD2A338ADE00995CC9 /* Assets.xcassets */; };
		0DC60AB12A338ADE00995CC9 /* LaunchScreen.storyboard in Resources */ = {isa = PBXBuildFile; fileRef = 0DC60AAF2A338ADE00995CC9 /* LaunchScreen.storyboard */; };
		0DC60ABD2A338D1800995CC9 /* User.swift in Sources */ = {isa = PBXBuildFile; fileRef = 0DC60ABC2A338D1800995CC9 /* User.swift */; };
		0DC60ABF2A33949E00995CC9 /* ViewModels.swift in Sources */ = {isa = PBXBuildFile; fileRef = 0DC60ABE2A33949E00995CC9 /* ViewModels.swift */; };
/* End PBXBuildFile section */

/* Begin PBXFileReference section */
		0D0B65FE2A34E49F0078BC28 /* Dynamic.swift */ = {isa = PBXFileReference; lastKnownFileType = sourcecode.swift; path = Dynamic.swift; sourceTree = "<group>"; };
		0DC60AA12A338ADB00995CC9 /* MVVM_SingIn.app */ = {isa = PBXFileReference; explicitFileType = wrapper.application; includeInIndex = 0; path = MVVM_SingIn.app; sourceTree = BUILT_PRODUCTS_DIR; };
		0DC60AA42A338ADB00995CC9 /* AppDelegate.swift */ = {isa = PBXFileReference; lastKnownFileType = sourcecode.swift; path = AppDelegate.swift; sourceTree = "<group>"; };
		0DC60AA62A338ADB00995CC9 /* SceneDelegate.swift */ = {isa = PBXFileReference; lastKnownFileType = sourcecode.swift; path = SceneDelegate.swift; sourceTree = "<group>"; };
		0DC60AA82A338ADB00995CC9 /* ViewController.swift */ = {isa = PBXFileReference; lastKnownFileType = sourcecode.swift; path = ViewController.swift; sourceTree = "<group>"; };
		0DC60AAB2A338ADB00995CC9 /* Base */ = {isa = PBXFileReference; lastKnownFileType = file.storyboard; name = Base; path = Base.lproj/Main.storyboard; sourceTree = "<group>"; };
		0DC60AAD2A338ADE00995CC9 /* Assets.xcassets */ = {isa = PBXFileReference; lastKnownFileType = folder.assetcatalog; path = Assets.xcassets; sourceTree = "<group>"; };
		0DC60AB02A338ADE00995CC9 /* Base */ = {isa = PBXFileReference; lastKnownFileType = file.storyboard; name = Base; path = Base.lproj/LaunchScreen.storyboard; sourceTree = "<group>"; };
		0DC60AB22A338ADE00995CC9 /* Info.plist */ = {isa = PBXFileReference; lastKnownFileType = text.plist.xml; path = Info.plist; sourceTree = "<group>"; };
		0DC60ABC2A338D1800995CC9 /* User.swift */ = {isa = PBXFileReference; lastKnownFileType = sourcecode.swift; path = User.swift; sourceTree = "<group>"; };
		0DC60ABE2A33949E00995CC9 /* ViewModels.swift */ = {isa = PBXFileReference; lastKnownFileType = sourcecode.swift; path = ViewModels.swift; sourceTree = "<group>"; };
/* End PBXFileReference section */

/* Begin PBXFrameworksBuildPhase section */
		0DC60A9E2A338ADB00995CC9 /* Frameworks */ = {
			isa = PBXFrameworksBuildPhase;
			buildActionMask = 2147483647;
			files = (
			);
			runOnlyForDeploymentPostprocessing = 0;
		};
/* End PBXFrameworksBuildPhase section */

/* Begin PBXGroup section */
		0D0B65FD2A34E48D0078BC28 /* Bindings */ = {
			isa = PBXGroup;
			children = (
				0D0B65FE2A34E49F0078BC28 /* Dynamic.swift */,
			);
			path = Bindings;
			sourceTree = "<group>";
		};
		0DC60A982A338ADB00995CC9 = {
			isa = PBXGroup;
			children = (
				0DC60AA32A338ADB00995CC9 /* MVVM_SingIn */,
				0DC60AA22A338ADB00995CC9 /* Products */,
			);
			sourceTree = "<group>";
		};
		0DC60AA22A338ADB00995CC9 /* Products */ = {
			isa = PBXGroup;
			children = (
				0DC60AA12A338ADB00995CC9 /* MVVM_SingIn.app */,
			);
			name = Products;
			sourceTree = "<group>";
		};
		0DC60AA32A338ADB00995CC9 /* MVVM_SingIn */ = {
			isa = PBXGroup;
			children = (
				0DC60ABA2A338B6E00995CC9 /* ViewModels */,
				0DC60AB92A338B2D00995CC9 /* View */,
				0DC60AB82A338B1E00995CC9 /* Models */,
				0DC60AA42A338ADB00995CC9 /* AppDelegate.swift */,
				0DC60AA62A338ADB00995CC9 /* SceneDelegate.swift */,
				0DC60AAD2A338ADE00995CC9 /* Assets.xcassets */,
				0DC60AB22A338ADE00995CC9 /* Info.plist */,
			);
			path = MVVM_SingIn;
			sourceTree = "<group>";
		};
		0DC60AB82A338B1E00995CC9 /* Models */ = {
			isa = PBXGroup;
			children = (
				0DC60ABC2A338D1800995CC9 /* User.swift */,
			);
			path = Models;
			sourceTree = "<group>";
		};
		0DC60AB92A338B2D00995CC9 /* View */ = {
			isa = PBXGroup;
			children = (
				0DC60AA82A338ADB00995CC9 /* ViewController.swift */,
				0DC60ABB2A338BAC00995CC9 /* Storyboard */,
			);
			path = View;
			sourceTree = "<group>";
		};
		0DC60ABA2A338B6E00995CC9 /* ViewModels */ = {
			isa = PBXGroup;
			children = (
				0D0B65FD2A34E48D0078BC28 /* Bindings */,
				0DC60ABE2A33949E00995CC9 /* ViewModels.swift */,
			);
			path = ViewModels;
			sourceTree = "<group>";
		};
		0DC60ABB2A338BAC00995CC9 /* Storyboard */ = {
			isa = PBXGroup;
			children = (
				0DC60AAA2A338ADB00995CC9 /* Main.storyboard */,
				0DC60AAF2A338ADE00995CC9 /* LaunchScreen.storyboard */,
			);
			path = Storyboard;
			sourceTree = "<group>";
		};
/* End PBXGroup section */

/* Begin PBXNativeTarget section */
		0DC60AA02A338ADB00995CC9 /* MVVM_SingIn */ = {
			isa = PBXNativeTarget;
			buildConfigurationList = 0DC60AB52A338ADE00995CC9 /* Build configuration list for PBXNativeTarget "MVVM_SingIn" */;
			buildPhases = (
				0DC60A9D2A338ADB00995CC9 /* Sources */,
				0DC60A9E2A338ADB00995CC9 /* Frameworks */,
				0DC60A9F2A338ADB00995CC9 /* Resources */,
			);
			buildRules = (
			);
			dependencies = (
			);
			name = MVVM_SingIn;
			productName = MVVM_SingIn;
			productReference = 0DC60AA12A338ADB00995CC9 /* MVVM_SingIn.app */;
			productType = "com.apple.product-type.application";
		};
/* End PBXNativeTarget section */

/* Begin PBXProject section */
		0DC60A992A338ADB00995CC9 /* Project object */ = {
			isa = PBXProject;
			attributes = {
				BuildIndependentTargetsInParallel = 1;
				LastSwiftUpdateCheck = 1430;
				LastUpgradeCheck = 1430;
				TargetAttributes = {
					0DC60AA02A338ADB00995CC9 = {
						CreatedOnToolsVersion = 14.3;
					};
				};
			};
			buildConfigurationList = 0DC60A9C2A338ADB00995CC9 /* Build configuration list for PBXProject "MVVM_SingIn" */;
			compatibilityVersion = "Xcode 14.0";
			developmentRegion = en;
			hasScannedForEncodings = 0;
			knownRegions = (
				en,
				Base,
			);
			mainGroup = 0DC60A982A338ADB00995CC9;
			productRefGroup = 0DC60AA22A338ADB00995CC9 /* Products */;
			projectDirPath = "";
			projectRoot = "";
			targets = (
				0DC60AA02A338ADB00995CC9 /* MVVM_SingIn */,
			);
		};
/* End PBXProject section */

/* Begin PBXResourcesBuildPhase section */
		0DC60A9F2A338ADB00995CC9 /* Resources */ = {
			isa = PBXResourcesBuildPhase;
			buildActionMask = 2147483647;
			files = (
				0DC60AB12A338ADE00995CC9 /* LaunchScreen.storyboard in Resources */,
				0DC60AAE2A338ADE00995CC9 /* Assets.xcassets in Resources */,
				0DC60AAC2A338ADB00995CC9 /* Main.storyboard in Resources */,
			);
			runOnlyForDeploymentPostprocessing = 0;
		};
/* End PBXResourcesBuildPhase section */

/* Begin PBXSourcesBuildPhase section */
		0DC60A9D2A338ADB00995CC9 /* Sources */ = {
			isa = PBXSourcesBuildPhase;
			buildActionMask = 2147483647;
			files = (
				0DC60ABD2A338D1800995CC9 /* User.swift in Sources */,
				0DC60AA92A338ADB00995CC9 /* ViewController.swift in Sources */,
				0DC60ABF2A33949E00995CC9 /* ViewModels.swift in Sources */,
				0D0B65FF2A34E49F0078BC28 /* Dynamic.swift in Sources */,
				0DC60AA52A338ADB00995CC9 /* AppDelegate.swift in Sources */,
				0DC60AA72A338ADB00995CC9 /* SceneDelegate.swift in Sources */,
			);
			runOnlyForDeploymentPostprocessing = 0;
		};
/* End PBXSourcesBuildPhase section */

/* Begin PBXVariantGroup section */
		0DC60AAA2A338ADB00995CC9 /* Main.storyboard */ = {
			isa = PBXVariantGroup;
			children = (
				0DC60AAB2A338ADB00995CC9 /* Base */,
			);
			name = Main.storyboard;
			sourceTree = "<group>";
		};
		0DC60AAF2A338ADE00995CC9 /* LaunchScreen.storyboard */ = {
			isa = PBXVariantGroup;
			children = (
				0DC60AB02A338ADE00995CC9 /* Base */,
			);
			name = LaunchScreen.storyboard;
			sourceTree = "<group>";
		};
/* End PBXVariantGroup section */

/* Begin XCBuildConfiguration section */
		0DC60AB32A338ADE00995CC9 /* Debug */ = {
			isa = XCBuildConfiguration;
			buildSettings = {
				ALWAYS_SEARCH_USER_PATHS = NO;
				CLANG_ANALYZER_NONNULL = YES;
				CLANG_ANALYZER_NUMBER_OBJECT_CONVERSION = YES_AGGRESSIVE;
				CLANG_CXX_LANGUAGE_STANDARD = "gnu++20";
				CLANG_ENABLE_MODULES = YES;
				CLANG_ENABLE_OBJC_ARC = YES;
				CLANG_ENABLE_OBJC_WEAK = YES;
				CLANG_WARN_BLOCK_CAPTURE_AUTORELEASING = YES;
				CLANG_WARN_BOOL_CONVERSION = YES;
				CLANG_WARN_COMMA = YES;
				CLANG_WARN_CONSTANT_CONVERSION = YES;
				CLANG_WARN_DEPRECATED_OBJC_IMPLEMENTATIONS = YES;
				CLANG_WARN_DIRECT_OBJC_ISA_USAGE = YES_ERROR;
				CLANG_WARN_DOCUMENTATION_COMMENTS = YES;
				CLANG_WARN_EMPTY_BODY = YES;
				CLANG_WARN_ENUM_CONVERSION = YES;
				CLANG_WARN_INFINITE_RECURSION = YES;
				CLANG_WARN_INT_CONVERSION = YES;
				CLANG_WARN_NON_LITERAL_NULL_CONVERSION = YES;
				CLANG_WARN_OBJC_IMPLICIT_RETAIN_SELF = YES;
				CLANG_WARN_OBJC_LITERAL_CONVERSION = YES;
				CLANG_WARN_OBJC_ROOT_CLASS = YES_ERROR;
				CLANG_WARN_QUOTED_INCLUDE_IN_FRAMEWORK_HEADER = YES;
				CLANG_WARN_RANGE_LOOP_ANALYSIS = YES;
				CLANG_WARN_STRICT_PROTOTYPES = YES;
				CLANG_WARN_SUSPICIOUS_MOVE = YES;
				CLANG_WARN_UNGUARDED_AVAILABILITY = YES_AGGRESSIVE;
				CLANG_WARN_UNREACHABLE_CODE = YES;
				CLANG_WARN__DUPLICATE_METHOD_MATCH = YES;
				COPY_PHASE_STRIP = NO;
				DEBUG_INFORMATION_FORMAT = dwarf;
				ENABLE_STRICT_OBJC_MSGSEND = YES;
				ENABLE_TESTABILITY = YES;
				GCC_C_LANGUAGE_STANDARD = gnu11;
				GCC_DYNAMIC_NO_PIC = NO;
				GCC_NO_COMMON_BLOCKS = YES;
				GCC_OPTIMIZATION_LEVEL = 0;
				GCC_PREPROCESSOR_DEFINITIONS = (
					"DEBUG=1",
					"$(inherited)",
				);
				GCC_WARN_64_TO_32_BIT_CONVERSION = YES;
				GCC_WARN_ABOUT_RETURN_TYPE = YES_ERROR;
				GCC_WARN_UNDECLARED_SELECTOR = YES;
				GCC_WARN_UNINITIALIZED_AUTOS = YES_AGGRESSIVE;
				GCC_WARN_UNUSED_FUNCTION = YES;
				GCC_WARN_UNUSED_VARIABLE = YES;
				IPHONEOS_DEPLOYMENT_TARGET = 16.4;
				MTL_ENABLE_DEBUG_INFO = INCLUDE_SOURCE;
				MTL_FAST_MATH = YES;
				ONLY_ACTIVE_ARCH = YES;
				SDKROOT = iphoneos;
				SWIFT_ACTIVE_COMPILATION_CONDITIONS = DEBUG;
				SWIFT_OPTIMIZATION_LEVEL = "-Onone";
			};
			name = Debug;
		};
		0DC60AB42A338ADE00995CC9 /* Release */ = {
			isa = XCBuildConfiguration;
			buildSettings = {
				ALWAYS_SEARCH_USER_PATHS = NO;
				CLANG_ANALYZER_NONNULL = YES;
				CLANG_ANALYZER_NUMBER_OBJECT_CONVERSION = YES_AGGRESSIVE;
				CLANG_CXX_LANGUAGE_STANDARD = "gnu++20";
				CLANG_ENABLE_MODULES = YES;
				CLANG_ENABLE_OBJC_ARC = YES;
				CLANG_ENABLE_OBJC_WEAK = YES;
				CLANG_WARN_BLOCK_CAPTURE_AUTORELEASING = YES;
				CLANG_WARN_BOOL_CONVERSION = YES;
				CLANG_WARN_COMMA = YES;
				CLANG_WARN_CONSTANT_CONVERSION = YES;
				CLANG_WARN_DEPRECATED_OBJC_IMPLEMENTATIONS = YES;
				CLANG_WARN_DIRECT_OBJC_ISA_USAGE = YES_ERROR;
				CLANG_WARN_DOCUMENTATION_COMMENTS = YES;
				CLANG_WARN_EMPTY_BODY = YES;
				CLANG_WARN_ENUM_CONVERSION = YES;
				CLANG_WARN_INFINITE_RECURSION = YES;
				CLANG_WARN_INT_CONVERSION = YES;
				CLANG_WARN_NON_LITERAL_NULL_CONVERSION = YES;
				CLANG_WARN_OBJC_IMPLICIT_RETAIN_SELF = YES;
				CLANG_WARN_OBJC_LITERAL_CONVERSION = YES;
				CLANG_WARN_OBJC_ROOT_CLASS = YES_ERROR;
				CLANG_WARN_QUOTED_INCLUDE_IN_FRAMEWORK_HEADER = YES;
				CLANG_WARN_RANGE_LOOP_ANALYSIS = YES;
				CLANG_WARN_STRICT_PROTOTYPES = YES;
				CLANG_WARN_SUSPICIOUS_MOVE = YES;
				CLANG_WARN_UNGUARDED_AVAILABILITY = YES_AGGRESSIVE;
				CLANG_WARN_UNREACHABLE_CODE = YES;
				CLANG_WARN__DUPLICATE_METHOD_MATCH = YES;
				COPY_PHASE_STRIP = NO;
				DEBUG_INFORMATION_FORMAT = "dwarf-with-dsym";
				ENABLE_NS_ASSERTIONS = NO;
				ENABLE_STRICT_OBJC_MSGSEND = YES;
				GCC_C_LANGUAGE_STANDARD = gnu11;
				GCC_NO_COMMON_BLOCKS = YES;
				GCC_WARN_64_TO_32_BIT_CONVERSION = YES;
				GCC_WARN_ABOUT_RETURN_TYPE = YES_ERROR;
				GCC_WARN_UNDECLARED_SELECTOR = YES;
				GCC_WARN_UNINITIALIZED_AUTOS = YES_AGGRESSIVE;
				GCC_WARN_UNUSED_FUNCTION = YES;
				GCC_WARN_UNUSED_VARIABLE = YES;
				IPHONEOS_DEPLOYMENT_TARGET = 16.4;
				MTL_ENABLE_DEBUG_INFO = NO;
				MTL_FAST_MATH = YES;
				SDKROOT = iphoneos;
				SWIFT_COMPILATION_MODE = wholemodule;
				SWIFT_OPTIMIZATION_LEVEL = "-O";
				VALIDATE_PRODUCT = YES;
			};
			name = Release;
		};
		0DC60AB62A338ADE00995CC9 /* Debug */ = {
			isa = XCBuildConfiguration;
			buildSettings = {
				ASSETCATALOG_COMPILER_APPICON_NAME = AppIcon;
				ASSETCATALOG_COMPILER_GLOBAL_ACCENT_COLOR_NAME = AccentColor;
				CODE_SIGN_STYLE = Automatic;
				CURRENT_PROJECT_VERSION = 1;
				DEVELOPMENT_TEAM = A2KN8LK9Z4;
				GENERATE_INFOPLIST_FILE = YES;
				INFOPLIST_FILE = MVVM_SingIn/Info.plist;
				INFOPLIST_KEY_UIApplicationSupportsIndirectInputEvents = YES;
				INFOPLIST_KEY_UILaunchStoryboardName = LaunchScreen;
				INFOPLIST_KEY_UIMainStoryboardFile = Main;
				INFOPLIST_KEY_UISupportedInterfaceOrientations_iPad = "UIInterfaceOrientationPortrait UIInterfaceOrientationPortraitUpsideDown UIInterfaceOrientationLandscapeLeft UIInterfaceOrientationLandscapeRight";
				INFOPLIST_KEY_UISupportedInterfaceOrientations_iPhone = "UIInterfaceOrientationPortrait UIInterfaceOrientationLandscapeLeft UIInterfaceOrientationLandscapeRight";
				LD_RUNPATH_SEARCH_PATHS = (
					"$(inherited)",
					"@executable_path/Frameworks",
				);
				MARKETING_VERSION = 1.0;
				PRODUCT_BUNDLE_IDENTIFIER = "zebl.Soft.MVVM-SingIn";
				PRODUCT_NAME = "$(TARGET_NAME)";
				SWIFT_EMIT_LOC_STRINGS = YES;
				SWIFT_VERSION = 5.0;
				TARGETED_DEVICE_FAMILY = "1,2";
			};
			name = Debug;
		};
		0DC60AB72A338ADE00995CC9 /* Release */ = {
			isa = XCBuildConfiguration;
			buildSettings = {
				ASSETCATALOG_COMPILER_APPICON_NAME = AppIcon;
				ASSETCATALOG_COMPILER_GLOBAL_ACCENT_COLOR_NAME = AccentColor;
				CODE_SIGN_STYLE = Automatic;
				CURRENT_PROJECT_VERSION = 1;
				DEVELOPMENT_TEAM = A2KN8LK9Z4;
				GENERATE_INFOPLIST_FILE = YES;
				INFOPLIST_FILE = MVVM_SingIn/Info.plist;
				INFOPLIST_KEY_UIApplicationSupportsIndirectInputEvents = YES;
				INFOPLIST_KEY_UILaunchStoryboardName = LaunchScreen;
				INFOPLIST_KEY_UIMainStoryboardFile = Main;
				INFOPLIST_KEY_UISupportedInterfaceOrientations_iPad = "UIInterfaceOrientationPortrait UIInterfaceOrientationPortraitUpsideDown UIInterfaceOrientationLandscapeLeft UIInterfaceOrientationLandscapeRight";
				INFOPLIST_KEY_UISupportedInterfaceOrientations_iPhone = "UIInterfaceOrientationPortrait UIInterfaceOrientationLandscapeLeft UIInterfaceOrientationLandscapeRight";
				LD_RUNPATH_SEARCH_PATHS = (
					"$(inherited)",
					"@executable_path/Frameworks",
				);
				MARKETING_VERSION = 1.0;
				PRODUCT_BUNDLE_IDENTIFIER = "zebl.Soft.MVVM-SingIn";
				PRODUCT_NAME = "$(TARGET_NAME)";
				SWIFT_EMIT_LOC_STRINGS = YES;
				SWIFT_VERSION = 5.0;
				TARGETED_DEVICE_FAMILY = "1,2";
			};
			name = Release;
		};
/* End XCBuildConfiguration section */

/* Begin XCConfigurationList section */
		0DC60A9C2A338ADB00995CC9 /* Build configuration list for PBXProject "MVVM_SingIn" */ = {
			isa = XCConfigurationList;
			buildConfigurations = (
				0DC60AB32A338ADE00995CC9 /* Debug */,
				0DC60AB42A338ADE00995CC9 /* Release */,
			);
			defaultConfigurationIsVisible = 0;
			defaultConfigurationName = Release;
		};
		0DC60AB52A338ADE00995CC9 /* Build configuration list for PBXNativeTarget "MVVM_SingIn" */ = {
			isa = XCConfigurationList;
			buildConfigurations = (
				0DC60AB62A338ADE00995CC9 /* Debug */,
				0DC60AB72A338ADE00995CC9 /* Release */,
			);
			defaultConfigurationIsVisible = 0;
			defaultConfigurationName = Release;
		};
/* End XCConfigurationList section */
	};
	rootObject = 0DC60A992A338ADB00995CC9 /* Project object */;
}
